
Microsoft Visual Studio Solution File, Format Version 12.00
# Visual Studio Version 17
VisualStudioVersion = 17.1.32228.430
MinimumVisualStudioVersion = 10.0.40219.1
Project("{888888A0-9F3D-457C-B088-3A5042F75D52}") = "Practica_No.29", "Practica_No.29\Practica_No.29.pyproj", "{764E881B-0FF3-45A8-8938-0DC073CEB965}"
EndProject
Global
	GlobalSection(SolutionConfigurationPlatforms) = preSolution
		Debug|Any CPU = Debug|Any CPU
		Release|Any CPU = Release|Any CPU
	EndGlobalSection
	GlobalSection(ProjectConfigurationPlatforms) = postSolution
		{764E881B-0FF3-45A8-8938-0DC073CEB965}.Debug|Any CPU.ActiveCfg = Debug|Any CPU
		{764E881B-0FF3-45A8-8938-0DC073CEB965}.Release|Any CPU.ActiveCfg = Release|Any CPU
	EndGlobalSection
	GlobalSection(SolutionProperties) = preSolution
		HideSolutionNode = FALSE
	EndGlobalSection
	GlobalSection(ExtensibilityGlobals) = postSolution
		SolutionGuid = {4254E029-46D1-4804-951E-5236F3851D6C}
	EndGlobalSection
EndGlobal
