
Microsoft Visual Studio Solution File, Format Version 12.00
# Visual Studio Version 17
VisualStudioVersion = 17.1.32228.430
MinimumVisualStudioVersion = 10.0.40219.1
Project("{888888A0-9F3D-457C-B088-3A5042F75D52}") = "Practica_No.27", "Practica_No.27\Practica_No.27.pyproj", "{77A5F689-555E-40A2-8D65-C5B76BA9E500}"
EndProject
Global
	GlobalSection(SolutionConfigurationPlatforms) = preSolution
		Debug|Any CPU = Debug|Any CPU
		Release|Any CPU = Release|Any CPU
	EndGlobalSection
	GlobalSection(ProjectConfigurationPlatforms) = postSolution
		{77A5F689-555E-40A2-8D65-C5B76BA9E500}.Debug|Any CPU.ActiveCfg = Debug|Any CPU
		{77A5F689-555E-40A2-8D65-C5B76BA9E500}.Release|Any CPU.ActiveCfg = Release|Any CPU
	EndGlobalSection
	GlobalSection(SolutionProperties) = preSolution
		HideSolutionNode = FALSE
	EndGlobalSection
	GlobalSection(ExtensibilityGlobals) = postSolution
		SolutionGuid = {BC63A839-4F63-43AC-BCD0-30E110DAC4B8}
	EndGlobalSection
EndGlobal
