
Microsoft Visual Studio Solution File, Format Version 12.00
# Visual Studio Version 17
VisualStudioVersion = 17.1.32228.430
MinimumVisualStudioVersion = 10.0.40219.1
Project("{888888A0-9F3D-457C-B088-3A5042F75D52}") = "Practica_No.24", "Practica_No.24\Practica_No.24.pyproj", "{A9778912-2878-4977-8399-B81794DBEA0B}"
EndProject
Global
	GlobalSection(SolutionConfigurationPlatforms) = preSolution
		Debug|Any CPU = Debug|Any CPU
		Release|Any CPU = Release|Any CPU
	EndGlobalSection
	GlobalSection(ProjectConfigurationPlatforms) = postSolution
		{A9778912-2878-4977-8399-B81794DBEA0B}.Debug|Any CPU.ActiveCfg = Debug|Any CPU
		{A9778912-2878-4977-8399-B81794DBEA0B}.Release|Any CPU.ActiveCfg = Release|Any CPU
	EndGlobalSection
	GlobalSection(SolutionProperties) = preSolution
		HideSolutionNode = FALSE
	EndGlobalSection
	GlobalSection(ExtensibilityGlobals) = postSolution
		SolutionGuid = {8DC876D7-31E1-40E4-939F-79FFB4008F41}
	EndGlobalSection
EndGlobal
